
Microsoft Visual Studio Solution File, Format Version 12.00
# Visual Studio 15
VisualStudioVersion = 15.0.28307.645
MinimumVisualStudioVersion = 10.0.40219.1
Project("{9A19103F-16F7-4668-BE54-9A1E7A4F7556}") = "Chordette", "Chordette\Chordette.csproj", "{1B705DA2-DE44-4CC9-B635-9A3EB6F7050B}"
EndProject
Project("{9A19103F-16F7-4668-BE54-9A1E7A4F7556}") = "Chordette.Tests", "Chordette.Tests\Chordette.Tests.csproj", "{F5A2829B-A3D4-444F-A6E1-A629A04942D1}"
EndProject
Project("{FAE04EC0-301F-11D3-BF4B-00C04F79EFBC}") = "Chordette.Benchmark", "Chordette.Benchmark\Chordette.Benchmark.csproj", "{F64BD46E-FE0F-473A-8CC6-7188CE8FC4FC}"
EndProject
Global
	GlobalSection(SolutionConfigurationPlatforms) = preSolution
		Debug|Any CPU = Debug|Any CPU
		Release|Any CPU = Release|Any CPU
	EndGlobalSection
	GlobalSection(ProjectConfigurationPlatforms) = postSolution
		{1B705DA2-DE44-4CC9-B635-9A3EB6F7050B}.Debug|Any CPU.ActiveCfg = Debug|Any CPU
		{1B705DA2-DE44-4CC9-B635-9A3EB6F7050B}.Debug|Any CPU.Build.0 = Debug|Any CPU
		{1B705DA2-DE44-4CC9-B635-9A3EB6F7050B}.Release|Any CPU.ActiveCfg = Release|Any CPU
		{1B705DA2-DE44-4CC9-B635-9A3EB6F7050B}.Release|Any CPU.Build.0 = Release|Any CPU
		{F5A2829B-A3D4-444F-A6E1-A629A04942D1}.Debug|Any CPU.ActiveCfg = Debug|Any CPU
		{F5A2829B-A3D4-444F-A6E1-A629A04942D1}.Debug|Any CPU.Build.0 = Debug|Any CPU
		{F5A2829B-A3D4-444F-A6E1-A629A04942D1}.Release|Any CPU.ActiveCfg = Release|Any CPU
		{F5A2829B-A3D4-444F-A6E1-A629A04942D1}.Release|Any CPU.Build.0 = Release|Any CPU
		{F64BD46E-FE0F-473A-8CC6-7188CE8FC4FC}.Debug|Any CPU.ActiveCfg = Debug|Any CPU
		{F64BD46E-FE0F-473A-8CC6-7188CE8FC4FC}.Debug|Any CPU.Build.0 = Debug|Any CPU
		{F64BD46E-FE0F-473A-8CC6-7188CE8FC4FC}.Release|Any CPU.ActiveCfg = Release|Any CPU
		{F64BD46E-FE0F-473A-8CC6-7188CE8FC4FC}.Release|Any CPU.Build.0 = Release|Any CPU
	EndGlobalSection
	GlobalSection(SolutionProperties) = preSolution
		HideSolutionNode = FALSE
	EndGlobalSection
	GlobalSection(ExtensibilityGlobals) = postSolution
		SolutionGuid = {B01AF1F0-3ECB-4D62-9D4C-ADF52ABC06F7}
	EndGlobalSection
	GlobalSection(Performance) = preSolution
		HasPerformanceSessions = true
	EndGlobalSection
EndGlobal
